
Microsoft Visual Studio Solution File, Format Version 12.00
# Visual Studio 15
VisualStudioVersion = 15.0.28307.705
MinimumVisualStudioVersion = 10.0.40219.1
Project("{8BC9CEB8-8B4A-11D0-8D11-00A0C91BC942}") = "20190927", "20190927\20190927.vcxproj", "{3247C482-9462-4031-8490-379BA3293CC4}"
EndProject
Global
	GlobalSection(SolutionConfigurationPlatforms) = preSolution
		Debug|x64 = Debug|x64
		Debug|x86 = Debug|x86
		Release|x64 = Release|x64
		Release|x86 = Release|x86
	EndGlobalSection
	GlobalSection(ProjectConfigurationPlatforms) = postSolution
		{3247C482-9462-4031-8490-379BA3293CC4}.Debug|x64.ActiveCfg = Debug|x64
		{3247C482-9462-4031-8490-379BA3293CC4}.Debug|x64.Build.0 = Debug|x64
		{3247C482-9462-4031-8490-379BA3293CC4}.Debug|x86.ActiveCfg = Debug|Win32
		{3247C482-9462-4031-8490-379BA3293CC4}.Debug|x86.Build.0 = Debug|Win32
		{3247C482-9462-4031-8490-379BA3293CC4}.Release|x64.ActiveCfg = Release|x64
		{3247C482-9462-4031-8490-379BA3293CC4}.Release|x64.Build.0 = Release|x64
		{3247C482-9462-4031-8490-379BA3293CC4}.Release|x86.ActiveCfg = Release|Win32
		{3247C482-9462-4031-8490-379BA3293CC4}.Release|x86.Build.0 = Release|Win32
	EndGlobalSection
	GlobalSection(SolutionProperties) = preSolution
		HideSolutionNode = FALSE
	EndGlobalSection
	GlobalSection(ExtensibilityGlobals) = postSolution
		SolutionGuid = {F0DAF212-E58B-458F-9C1D-476AC7BB71C9}
	EndGlobalSection
EndGlobal
